
Microsoft Visual Studio Solution File, Format Version 12.00
# Visual Studio 2012
Project("{FAE04EC0-301F-11D3-BF4B-00C04F79EFBC}") = "S00117372CA3", "S00117372CA3\S00117372CA3.csproj", "{A26DAC0B-786D-4E71-A8BD-91CD80764A0F}"
EndProject
Global
	GlobalSection(SolutionConfigurationPlatforms) = preSolution
		Debug|Any CPU = Debug|Any CPU
		Release|Any CPU = Release|Any CPU
	EndGlobalSection
	GlobalSection(ProjectConfigurationPlatforms) = postSolution
		{A26DAC0B-786D-4E71-A8BD-91CD80764A0F}.Debug|Any CPU.ActiveCfg = Debug|Any CPU
		{A26DAC0B-786D-4E71-A8BD-91CD80764A0F}.Debug|Any CPU.Build.0 = Debug|Any CPU
		{A26DAC0B-786D-4E71-A8BD-91CD80764A0F}.Release|Any CPU.ActiveCfg = Release|Any CPU
		{A26DAC0B-786D-4E71-A8BD-91CD80764A0F}.Release|Any CPU.Build.0 = Release|Any CPU
	EndGlobalSection
	GlobalSection(SolutionProperties) = preSolution
		HideSolutionNode = FALSE
	EndGlobalSection
EndGlobal
